# This file is automatically @generated by Poetry 1.8.5 and should not be changed by hand.

[[package]]
name = "attrs"
version = "22.2.0"
description = "Classes Without Boilerplate"
optional = false
python-versions = ">=3.6"
files = [
    {file = "attrs-22.2.0-py3-none-any.whl", hash = "sha256:29e95c7f6778868dbd49170f98f8818f78f3dc5e0e37c0b1f474e3561b240836"},
    {file = "attrs-22.2.0.tar.gz", hash = "sha256:c9227bfc2f01993c03f68db37d1d15c9690188323c067c641f1a35ca58185f99"},
]

[package.extras]
cov = ["attrs[tests]", "coverage-enable-subprocess", "coverage[toml] (>=5.3)"]
dev = ["attrs[docs,tests]"]
docs = ["furo", "myst-parser", "sphinx", "sphinx-notfound-page", "sphinxcontrib-towncrier", "towncrier", "zope.interface"]
tests = ["attrs[tests-no-zope]", "zope.interface"]
tests-no-zope = ["cloudpickle", "cloudpickle", "hypothesis", "hypothesis", "mypy (>=0.971,<0.990)", "mypy (>=0.971,<0.990)", "pympler", "pympler", "pytest (>=4.3.0)", "pytest (>=4.3.0)", "pytest-mypy-plugins", "pytest-mypy-plugins", "pytest-xdist[psutil]", "pytest-xdist[psutil]"]

[[package]]
name = "black"
version = "22.12.0"
description = "The uncompromising code formatter."
optional = false
python-versions = ">=3.7"
files = [
    {file = "black-22.12.0-cp310-cp310-manylinux_2_17_x86_64.manylinux2014_x86_64.whl", hash = "sha256:9eedd20838bd5d75b80c9f5487dbcb06836a43833a37846cf1d8c1cc01cef59d"},
    {file = "black-22.12.0-cp310-cp310-win_amd64.whl", hash = "sha256:159a46a4947f73387b4d83e87ea006dbb2337eab6c879620a3ba52699b1f4351"},
    {file = "black-22.12.0-cp311-cp311-manylinux_2_17_x86_64.manylinux2014_x86_64.whl", hash = "sha256:d30b212bffeb1e252b31dd269dfae69dd17e06d92b87ad26e23890f3efea366f"},
    {file = "black-22.12.0-cp311-cp311-win_amd64.whl", hash = "sha256:7412e75863aa5c5411886804678b7d083c7c28421210180d67dfd8cf1221e1f4"},
    {file = "black-22.12.0-cp37-cp37m-manylinux_2_17_x86_64.manylinux2014_x86_64.whl", hash = "sha256:c116eed0efb9ff870ded8b62fe9f28dd61ef6e9ddd28d83d7d264a38417dcee2"},
    {file = "black-22.12.0-cp37-cp37m-win_amd64.whl", hash = "sha256:1f58cbe16dfe8c12b7434e50ff889fa479072096d79f0a7f25e4ab8e94cd8350"},
    {file = "black-22.12.0-cp38-cp38-manylinux_2_17_x86_64.manylinux2014_x86_64.whl", hash = "sha256:77d86c9f3db9b1bf6761244bc0b3572a546f5fe37917a044e02f3166d5aafa7d"},
    {file = "black-22.12.0-cp38-cp38-win_amd64.whl", hash = "sha256:82d9fe8fee3401e02e79767016b4907820a7dc28d70d137eb397b92ef3cc5bfc"},
    {file = "black-22.12.0-cp39-cp39-manylinux_2_17_x86_64.manylinux2014_x86_64.whl", hash = "sha256:101c69b23df9b44247bd88e1d7e90154336ac4992502d4197bdac35dd7ee3320"},
    {file = "black-22.12.0-cp39-cp39-win_amd64.whl", hash = "sha256:559c7a1ba9a006226f09e4916060982fd27334ae1998e7a38b3f33a37f7a2148"},
    {file = "black-22.12.0-py3-none-any.whl", hash = "sha256:436cc9167dd28040ad90d3b404aec22cedf24a6e4d7de221bec2730ec0c97bcf"},
    {file = "black-22.12.0.tar.gz", hash = "sha256:229351e5a18ca30f447bf724d007f890f97e13af070bb6ad4c0a441cd7596a2f"},
]

[package.dependencies]
click = ">=8.0.0"
mypy-extensions = ">=0.4.3"
pathspec = ">=0.9.0"
platformdirs = ">=2"
tomli = {version = ">=1.1.0", markers = "python_full_version < \"3.11.0a7\""}
typing-extensions = {version = ">=3.10.0.0", markers = "python_version < \"3.10\""}

[package.extras]
colorama = ["colorama (>=0.4.3)"]
d = ["aiohttp (>=3.7.4)"]
jupyter = ["ipython (>=7.8.0)", "tokenize-rt (>=3.2.0)"]
uvloop = ["uvloop (>=0.15.2)"]

[[package]]
name = "click"
version = "8.1.3"
description = "Composable command line interface toolkit"
optional = false
python-versions = ">=3.7"
files = [
    {file = "click-8.1.3-py3-none-any.whl", hash = "sha256:bb4d8133cb15a609f44e8213d9b391b0809795062913b383c62be0ee95b1db48"},
    {file = "click-8.1.3.tar.gz", hash = "sha256:7682dc8afb30297001674575ea00d1814d808d6a36af415a82bd481d37ba7b8e"},
]

[package.dependencies]
colorama = {version = "*", markers = "platform_system == \"Windows\""}

[[package]]
name = "cocotb"
version = "1.9.2"
description = "cocotb is a coroutine based cosimulation library for writing VHDL and Verilog testbenches in Python."
optional = false
python-versions = ">=3.6"
files = [
    {file = "cocotb-1.9.2-cp310-cp310-macosx_10_9_x86_64.whl", hash = "sha256:25396c1650eb9002dbebe013f8c3fad64b1646e4b2ff06f953cf2f8aac51b7d2"},
    {file = "cocotb-1.9.2-cp310-cp310-manylinux_2_17_x86_64.manylinux2014_x86_64.whl", hash = "sha256:47f82e32c2485ae953f482d1e19f227c7c95b05bb5542eee2b4c4250d787df64"},
    {file = "cocotb-1.9.2-cp310-cp310-manylinux_2_5_i686.manylinux1_i686.manylinux_2_17_i686.manylinux2014_i686.whl", hash = "sha256:940ca22d386962bc538e4aa2c94d50a23e83758f6d0b721aabb67760d37dedea"},
    {file = "cocotb-1.9.2-cp310-cp310-win32.whl", hash = "sha256:4ee9f6a3cdebf88ecec9a69789111559260898dcbebffff11593076f4cbf29c9"},
    {file = "cocotb-1.9.2-cp310-cp310-win_amd64.whl", hash = "sha256:6901bb667ad3ffd0233558c496691062c72f30f0cb9686e86ca05bf3019d0ee0"},
    {file = "cocotb-1.9.2-cp311-cp311-macosx_10_9_x86_64.whl", hash = "sha256:ac8cef8162a01369cbb6428b5d252274fe8a6bcae360fb68ba12dcda344b468a"},
    {file = "cocotb-1.9.2-cp311-cp311-manylinux_2_17_x86_64.manylinux2014_x86_64.whl", hash = "sha256:57fb05bc1bf79f92964d3a633153056bd885538dac9c2f5d3a724e83cdc65d51"},
    {file = "cocotb-1.9.2-cp311-cp311-manylinux_2_5_i686.manylinux1_i686.manylinux_2_17_i686.manylinux2014_i686.whl", hash = "sha256:08c6dc004324b36015975b14aa24dca3cf1ac771d0ddd9ccacdcf4af7c77c3e1"},
    {file = "cocotb-1.9.2-cp311-cp311-win32.whl", hash = "sha256:d2b28fb592586cf210243bacf3c53be5c5ca383555aafc8619605f34529bfae0"},
    {file = "cocotb-1.9.2-cp311-cp311-win_amd64.whl", hash = "sha256:7f171a4eb095b45556275fba414785eaf7b41937690a93dc0dfa8f568e699687"},
    {file = "cocotb-1.9.2-cp312-cp312-macosx_10_9_x86_64.whl", hash = "sha256:17c19553dbc5442f079495a2fd6e8fc7924cd9c527ae0d5c92d864f12d3ed865"},
    {file = "cocotb-1.9.2-cp312-cp312-manylinux_2_17_x86_64.manylinux2014_x86_64.whl", hash = "sha256:ff2460fb60444bfbe28a8119aad7f7297a97b53356426f03d0cdee2b90d3bc1a"},
    {file = "cocotb-1.9.2-cp312-cp312-manylinux_2_5_i686.manylinux1_i686.manylinux_2_17_i686.manylinux2014_i686.whl", hash = "sha256:5a2333ee6e5f2316c425e501ea9a116439cf8f08ceb8816c762842fe88ea9748"},
    {file = "cocotb-1.9.2-cp312-cp312-win32.whl", hash = "sha256:85d175f6e6054f3d046903790fe61ccf454e1a5e39392682c728a3418be935cf"},
    {file = "cocotb-1.9.2-cp312-cp312-win_amd64.whl", hash = "sha256:42fde03b858cd84e0284d9cee6bf34cc0892167921bd1da100abf181ac5e2ea4"},
    {file = "cocotb-1.9.2-cp313-cp313-macosx_10_13_x86_64.whl", hash = "sha256:a60f6b3c4e4f5e9265a18c86927af1d773fb79b32edf577ce2ba8d59d74acafc"},
    {file = "cocotb-1.9.2-cp313-cp313-manylinux_2_17_x86_64.manylinux2014_x86_64.whl", hash = "sha256:9cc00e5ddf5fea392a8a3406869396c7e5a736a08afc8e0fe45ad159151438ba"},
    {file = "cocotb-1.9.2-cp313-cp313-manylinux_2_5_i686.manylinux1_i686.manylinux_2_17_i686.manylinux2014_i686.whl", hash = "sha256:6264826ee4dd6acc678dd2572f3cd683da6a48013af82de81bf8a45b5e064b8e"},
    {file = "cocotb-1.9.2-cp313-cp313-win32.whl", hash = "sha256:7cdb25ca9dd2483d96f30b1cf3c070e4a6527d43e0af2d66660de29727c81cd4"},
    {file = "cocotb-1.9.2-cp313-cp313-win_amd64.whl", hash = "sha256:c816972ec4b3360372075fb0563cf98e8ad7d0f158e8dfe3165824936383a888"},
    {file = "cocotb-1.9.2-cp36-cp36m-macosx_10_9_x86_64.whl", hash = "sha256:88b782bd94aa7c248bdafda9df6e9880e257b22adc39947f6f95f98147131d58"},
    {file = "cocotb-1.9.2-cp36-cp36m-manylinux_2_5_i686.manylinux1_i686.whl", hash = "sha256:bc1939471c01fb31095f8566ed04ea35b54ab78fede6eb4ebfb4e473cb00c4b0"},
    {file = "cocotb-1.9.2-cp36-cp36m-manylinux_2_5_x86_64.manylinux1_x86_64.whl", hash = "sha256:0236a9d71a055ceaee0a3dac025445ce57a1bc3cd6343a678c0d589653146f5a"},
    {file = "cocotb-1.9.2-cp36-cp36m-win32.whl", hash = "sha256:bf0ef0540999be4a71383ab47bcd7814532f18ebf659fdd1283f4d2bf3eb7340"},
    {file = "cocotb-1.9.2-cp36-cp36m-win_amd64.whl", hash = "sha256:391d15b2cf577f18089e723f94498015dc2590d18c0599dd4dac235e8894c37a"},
    {file = "cocotb-1.9.2-cp37-cp37m-macosx_10_9_x86_64.whl", hash = "sha256:4f0e52c1efc17a0c4d185d2a7441e54da29b2c04878a9e299b87df2367c25f3c"},
    {file = "cocotb-1.9.2-cp37-cp37m-manylinux_2_17_x86_64.manylinux2014_x86_64.whl", hash = "sha256:4be2dba2048ab8762bf6db1732ca171d51366b9b619526a7711514da908055a7"},
    {file = "cocotb-1.9.2-cp37-cp37m-manylinux_2_5_i686.manylinux1_i686.manylinux_2_17_i686.manylinux2014_i686.whl", hash = "sha256:f2082ba26a627732c12ea5a0db99daf2120ef809af1447e0ac483f48a5a7c934"},
    {file = "cocotb-1.9.2-cp37-cp37m-win32.whl", hash = "sha256:8852642ebc058f34212f67ccedfcd4af4df2c4ddfada6a152af01a1dda1d86e7"},
    {file = "cocotb-1.9.2-cp37-cp37m-win_amd64.whl", hash = "sha256:0e9ae50fa48ccbcc14bc97c41a190d872265d70aba42cda7d8e717abcc3fa07a"},
    {file = "cocotb-1.9.2-cp38-cp38-macosx_10_9_x86_64.whl", hash = "sha256:23310e7d6cb11ca54cd70f4246a47870308e900717a7df63f5c598b09ef9982d"},
    {file = "cocotb-1.9.2-cp38-cp38-manylinux_2_17_x86_64.manylinux2014_x86_64.whl", hash = "sha256:c560897f7577e8e260bf517f72beec811dc8f45300fa42fec32b12156cab2939"},
    {file = "cocotb-1.9.2-cp38-cp38-manylinux_2_5_i686.manylinux1_i686.manylinux_2_17_i686.manylinux2014_i686.whl", hash = "sha256:e6450edbaa2e2f761655c843a0a710c7094abb78b2af3c0e50d7fe0f9a289207"},
    {file = "cocotb-1.9.2-cp38-cp38-win32.whl", hash = "sha256:e0a594a9aaf4e88fd92817a8c1487193fec7b735cffb65e0210454f8847fb04c"},
    {file = "cocotb-1.9.2-cp38-cp38-win_amd64.whl", hash = "sha256:f7f35f7e272142df87c794c7f10fc4fb603a3e199cb74f99b6abd9d552a63249"},
    {file = "cocotb-1.9.2-cp39-cp39-macosx_10_9_x86_64.whl", hash = "sha256:504a0926cf07f59dfce3141d58ce0d20bc4ecafdd7adc3153b6b4ba2e62ed52a"},
    {file = "cocotb-1.9.2-cp39-cp39-manylinux_2_17_x86_64.manylinux2014_x86_64.whl", hash = "sha256:df0aef26de38326440395edf5f2dddd11254a0cfa121151e89095cc5c75c9564"},
    {file = "cocotb-1.9.2-cp39-cp39-manylinux_2_5_i686.manylinux1_i686.manylinux_2_17_i686.manylinux2014_i686.whl", hash = "sha256:349ff4ac56e3d07c49f1b38426461c2e0239e603c5a3e6bc1221d01774c97656"},
    {file = "cocotb-1.9.2-cp39-cp39-win32.whl", hash = "sha256:bcaa79fc55e68f1769c381f494b5c35fce7a597aa660c420a1e9015acf95b263"},
    {file = "cocotb-1.9.2-cp39-cp39-win_amd64.whl", hash = "sha256:58bf87c7c71ba8c8e8f217aaf41841951aea10efe57d824eb32596b8fb47d18e"},
    {file = "cocotb-1.9.2.tar.gz", hash = "sha256:e4cdeaf51ec1b14e5430083ac56edc0b48ad05184f0307d90de44ff7bfdb1652"},
]

[package.dependencies]
find-libpython = "*"

[package.extras]
bus = ["cocotb-bus"]

[[package]]
name = "cocotb-test"
version = "0.2.5"
description = ""
optional = false
python-versions = ">=3.7"
files = [
    {file = "cocotb-test-0.2.5.tar.gz", hash = "sha256:0f19d9cfc1b7f64fe25394ff5a5d5f788f2d5b4f04b0a742f1330c4b6ebf1343"},
]

[package.dependencies]
cocotb = ">=1.5"
find_libpython = "*"
pytest = "*"

[[package]]
name = "colorama"
version = "0.4.6"
description = "Cross-platform colored terminal text."
optional = false
python-versions = "!=3.0.*,!=3.1.*,!=3.2.*,!=3.3.*,!=3.4.*,!=3.5.*,!=3.6.*,>=2.7"
files = [
    {file = "colorama-0.4.6-py2.py3-none-any.whl", hash = "sha256:4f1d9991f5acc0ca119f9d443620b77f9d6b33703e51011c16baf57afb285fc6"},
    {file = "colorama-0.4.6.tar.gz", hash = "sha256:08695f5cb7ed6e0531a20572697297273c47b8cae5a63ffc6d6ed5c201be6e44"},
]

[[package]]
name = "exceptiongroup"
version = "1.1.0"
description = "Backport of PEP 654 (exception groups)"
optional = false
python-versions = ">=3.7"
files = [
    {file = "exceptiongroup-1.1.0-py3-none-any.whl", hash = "sha256:327cbda3da756e2de031a3107b81ab7b3770a602c4d16ca618298c526f4bec1e"},
    {file = "exceptiongroup-1.1.0.tar.gz", hash = "sha256:bcb67d800a4497e1b404c2dd44fca47d3b7a5e5433dbab67f96c1a685cdfdf23"},
]

[package.extras]
test = ["pytest (>=6)"]

[[package]]
name = "find-libpython"
version = "0.3.0"
description = "Finds the libpython associated with your environment, wherever it may be hiding"
optional = false
python-versions = "*"
files = [
    {file = "find_libpython-0.3.0-py3-none-any.whl", hash = "sha256:93fa14c8d007a7f9e6b650a486e249b49f01fd8d45b83ecf080a78b1a7011214"},
    {file = "find_libpython-0.3.0.tar.gz", hash = "sha256:6e7fe5d9af7fad6dc066cb5515a0e9c90a71f1feb2bb2f8e4cdbb4f83276e9e5"},
]

[[package]]
name = "iniconfig"
version = "1.1.1"
description = "iniconfig: brain-dead simple config-ini parsing"
optional = false
python-versions = "*"
files = [
    {file = "iniconfig-1.1.1-py2.py3-none-any.whl", hash = "sha256:011e24c64b7f47f6ebd835bb12a743f2fbe9a26d4cecaa7f53bc4f35ee9da8b3"},
    {file = "iniconfig-1.1.1.tar.gz", hash = "sha256:bc3af051d7d14b2ee5ef9969666def0cd1a000e121eaea580d4a313df4b37f32"},
]

[[package]]
name = "mypy-extensions"
version = "0.4.3"
description = "Experimental type system extensions for programs checked with the mypy typechecker."
optional = false
python-versions = "*"
files = [
    {file = "mypy_extensions-0.4.3-py2.py3-none-any.whl", hash = "sha256:090fedd75945a69ae91ce1303b5824f428daf5a028d2f6ab8a299250a846f15d"},
    {file = "mypy_extensions-0.4.3.tar.gz", hash = "sha256:2d82818f5bb3e369420cb3c4060a7970edba416647068eb4c5343488a6c604a8"},
]

[[package]]
name = "packaging"
version = "22.0"
description = "Core utilities for Python packages"
optional = false
python-versions = ">=3.7"
files = [
    {file = "packaging-22.0-py3-none-any.whl", hash = "sha256:957e2148ba0e1a3b282772e791ef1d8083648bc131c8ab0c1feba110ce1146c3"},
    {file = "packaging-22.0.tar.gz", hash = "sha256:2198ec20bd4c017b8f9717e00f0c8714076fc2fd93816750ab48e2c41de2cfd3"},
]

[[package]]
name = "pathspec"
version = "0.10.3"
description = "Utility library for gitignore style pattern matching of file paths."
optional = false
python-versions = ">=3.7"
files = [
    {file = "pathspec-0.10.3-py3-none-any.whl", hash = "sha256:3c95343af8b756205e2aba76e843ba9520a24dd84f68c22b9f93251507509dd6"},
    {file = "pathspec-0.10.3.tar.gz", hash = "sha256:56200de4077d9d0791465aa9095a01d421861e405b5096955051deefd697d6f6"},
]

[[package]]
name = "platformdirs"
version = "2.6.2"
description = "A small Python package for determining appropriate platform-specific dirs, e.g. a \"user data dir\"."
optional = false
python-versions = ">=3.7"
files = [
    {file = "platformdirs-2.6.2-py3-none-any.whl", hash = "sha256:83c8f6d04389165de7c9b6f0c682439697887bca0aa2f1c87ef1826be3584490"},
    {file = "platformdirs-2.6.2.tar.gz", hash = "sha256:e1fea1fe471b9ff8332e229df3cb7de4f53eeea4998d3b6bfff542115e998bd2"},
]

[package.extras]
docs = ["furo (>=2022.12.7)", "proselint (>=0.13)", "sphinx (>=5.3)", "sphinx-autodoc-typehints (>=1.19.5)"]
test = ["appdirs (==1.4.4)", "covdefaults (>=2.2.2)", "pytest (>=7.2)", "pytest-cov (>=4)", "pytest-mock (>=3.10)"]

[[package]]
name = "pluggy"
version = "1.0.0"
description = "plugin and hook calling mechanisms for python"
optional = false
python-versions = ">=3.6"
files = [
    {file = "pluggy-1.0.0-py2.py3-none-any.whl", hash = "sha256:74134bbf457f031a36d68416e1509f34bd5ccc019f0bcc952c7b909d06b37bd3"},
    {file = "pluggy-1.0.0.tar.gz", hash = "sha256:4224373bacce55f955a878bf9cfa763c1e360858e330072059e10bad68531159"},
]

[package.extras]
dev = ["pre-commit", "tox"]
testing = ["pytest", "pytest-benchmark"]

[[package]]
name = "pytest"
version = "7.2.0"
description = "pytest: simple powerful testing with Python"
optional = false
python-versions = ">=3.7"
files = [
    {file = "pytest-7.2.0-py3-none-any.whl", hash = "sha256:892f933d339f068883b6fd5a459f03d85bfcb355e4981e146d2c7616c21fef71"},
    {file = "pytest-7.2.0.tar.gz", hash = "sha256:c4014eb40e10f11f355ad4e3c2fb2c6c6d1919c73f3b5a433de4708202cade59"},
]

[package.dependencies]
attrs = ">=19.2.0"
colorama = {version = "*", markers = "sys_platform == \"win32\""}
exceptiongroup = {version = ">=1.0.0rc8", markers = "python_version < \"3.11\""}
iniconfig = "*"
packaging = "*"
pluggy = ">=0.12,<2.0"
tomli = {version = ">=1.0.0", markers = "python_version < \"3.11\""}

[package.extras]
testing = ["argcomplete", "hypothesis (>=3.56)", "mock", "nose", "pygments (>=2.7.2)", "requests", "xmlschema"]

[[package]]
name = "tomli"
version = "2.0.1"
description = "A lil' TOML parser"
optional = false
python-versions = ">=3.7"
files = [
    {file = "tomli-2.0.1-py3-none-any.whl", hash = "sha256:939de3e7a6161af0c887ef91b7d41a53e7c5a1ca976325f429cb46ea9bc30ecc"},
    {file = "tomli-2.0.1.tar.gz", hash = "sha256:de526c12914f0c550d15924c62d72abc48d6fe7364aa87328337a31007fe8a4f"},
]

[[package]]
name = "typing-extensions"
version = "4.4.0"
description = "Backported and Experimental Type Hints for Python 3.7+"
optional = false
python-versions = ">=3.7"
files = [
    {file = "typing_extensions-4.4.0-py3-none-any.whl", hash = "sha256:16fa4864408f655d35ec496218b85f79b3437c829e93320c7c9215ccfd92489e"},
    {file = "typing_extensions-4.4.0.tar.gz", hash = "sha256:1511434bb92bf8dd198c12b1cc812e800d4181cfcb867674e0f8279cc93087aa"},
]

[metadata]
lock-version = "2.0"
python-versions = "^3.9"
content-hash = "417315d796e72f69843f1c6e59d23cc4d5f5125aa3e4efd9634ae8ee7b9e2185"
